
Microsoft Visual Studio Solution File, Format Version 12.00
# Visual Studio Version 16
VisualStudioVersion = 16.0.29519.181
MinimumVisualStudioVersion = 10.0.40219.1
Project("{9A19103F-16F7-4668-BE54-9A1E7A4F7556}") = "DeflateApp", "DeflateApp.csproj", "{26F7172A-593B-4393-8C93-B9991D0B9753}"
EndProject
Global
	GlobalSection(SolutionConfigurationPlatforms) = preSolution
		Debug|Any CPU = Debug|Any CPU
		Release|Any CPU = Release|Any CPU
	EndGlobalSection
	GlobalSection(ProjectConfigurationPlatforms) = postSolution
		{26F7172A-593B-4393-8C93-B9991D0B9753}.Debug|Any CPU.ActiveCfg = Debug|Any CPU
		{26F7172A-593B-4393-8C93-B9991D0B9753}.Debug|Any CPU.Build.0 = Debug|Any CPU
		{26F7172A-593B-4393-8C93-B9991D0B9753}.Release|Any CPU.ActiveCfg = Release|Any CPU
		{26F7172A-593B-4393-8C93-B9991D0B9753}.Release|Any CPU.Build.0 = Release|Any CPU
	EndGlobalSection
	GlobalSection(SolutionProperties) = preSolution
		HideSolutionNode = FALSE
	EndGlobalSection
	GlobalSection(ExtensibilityGlobals) = postSolution
		SolutionGuid = {9EC9B35C-579A-4AFC-9CA8-639F8A6A916D}
	EndGlobalSection
EndGlobal
